
Microsoft Visual Studio Solution File, Format Version 12.00
# Visual Studio 15
VisualStudioVersion = 15.0.28307.421
MinimumVisualStudioVersion = 10.0.40219.1
Project("{9A19103F-16F7-4668-BE54-9A1E7A4F7556}") = "BR.POINTER.LASTPOSITION.API", "BR.POINTER.LASTPOSITION.API\BR.POINTER.LASTPOSITION.API.csproj", "{9C1F7B4C-3F6B-45E3-9E51-EFE7189C4126}"
EndProject
Global
	GlobalSection(SolutionConfigurationPlatforms) = preSolution
		Debug|Any CPU = Debug|Any CPU
		Release|Any CPU = Release|Any CPU
	EndGlobalSection
	GlobalSection(ProjectConfigurationPlatforms) = postSolution
		{9C1F7B4C-3F6B-45E3-9E51-EFE7189C4126}.Debug|Any CPU.ActiveCfg = Debug|Any CPU
		{9C1F7B4C-3F6B-45E3-9E51-EFE7189C4126}.Debug|Any CPU.Build.0 = Debug|Any CPU
		{9C1F7B4C-3F6B-45E3-9E51-EFE7189C4126}.Release|Any CPU.ActiveCfg = Release|Any CPU
		{9C1F7B4C-3F6B-45E3-9E51-EFE7189C4126}.Release|Any CPU.Build.0 = Release|Any CPU
	EndGlobalSection
	GlobalSection(SolutionProperties) = preSolution
		HideSolutionNode = FALSE
	EndGlobalSection
	GlobalSection(ExtensibilityGlobals) = postSolution
		SolutionGuid = {AF1B7408-B22F-48E5-AB23-2513EE99A232}
	EndGlobalSection
	GlobalSection(TeamFoundationVersionControl) = preSolution
		SccNumberOfProjects = 2
		SccEnterpriseProvider = {4CA58AB2-18FA-4F8D-95D4-32DDF27D184C}
		SccTeamFoundationServer = http://192.168.0.134:8080/tfs/sandbox
		SccLocalPath0 = .
		SccProjectUniqueName1 = BR.POINTER.LASTPOSITION.API\\BR.POINTER.LASTPOSITION.API.csproj
		SccProjectName1 = BR.POINTER.LASTPOSITION.API
		SccLocalPath1 = BR.POINTER.LASTPOSITION.API
	EndGlobalSection
EndGlobal
